
Microsoft Visual Studio Solution File, Format Version 12.00
# Visual Studio 2013
VisualStudioVersion = 12.0.30723.0
MinimumVisualStudioVersion = 10.0.40219.1
Project("{FAE04EC0-301F-11D3-BF4B-00C04F79EFBC}") = "Servidor", "Servidor\Servidor.csproj", "{B3BFF315-5D09-4368-817C-314FAC3B9314}"
EndProject
Project("{FAE04EC0-301F-11D3-BF4B-00C04F79EFBC}") = "Cliente", "Cliente\Cliente.csproj", "{AF9BC908-D505-41E7-B7E9-854ECB614E04}"
EndProject
Global
	GlobalSection(SolutionConfigurationPlatforms) = preSolution
		Debug|Any CPU = Debug|Any CPU
		Release|Any CPU = Release|Any CPU
	EndGlobalSection
	GlobalSection(ProjectConfigurationPlatforms) = postSolution
		{B3BFF315-5D09-4368-817C-314FAC3B9314}.Debug|Any CPU.ActiveCfg = Debug|Any CPU
		{B3BFF315-5D09-4368-817C-314FAC3B9314}.Debug|Any CPU.Build.0 = Debug|Any CPU
		{B3BFF315-5D09-4368-817C-314FAC3B9314}.Release|Any CPU.ActiveCfg = Release|Any CPU
		{B3BFF315-5D09-4368-817C-314FAC3B9314}.Release|Any CPU.Build.0 = Release|Any CPU
		{AF9BC908-D505-41E7-B7E9-854ECB614E04}.Debug|Any CPU.ActiveCfg = Debug|Any CPU
		{AF9BC908-D505-41E7-B7E9-854ECB614E04}.Debug|Any CPU.Build.0 = Debug|Any CPU
		{AF9BC908-D505-41E7-B7E9-854ECB614E04}.Release|Any CPU.ActiveCfg = Release|Any CPU
		{AF9BC908-D505-41E7-B7E9-854ECB614E04}.Release|Any CPU.Build.0 = Release|Any CPU
	EndGlobalSection
	GlobalSection(SolutionProperties) = preSolution
		HideSolutionNode = FALSE
	EndGlobalSection
EndGlobal
